
Microsoft Visual Studio Solution File, Format Version 12.00
# Visual Studio Version 17
VisualStudioVersion = 17.11.35303.130
MinimumVisualStudioVersion = 10.0.40219.1
Project("{9A19103F-16F7-4668-BE54-9A1E7A4F7556}") = "CoffeShopManagement", "CoffeShopManagement\CoffeShopManagement.csproj", "{680BA3C3-D7A6-4FD9-AE97-1A0B2FEF7E9A}"
EndProject
Project("{FAE04EC0-301F-11D3-BF4B-00C04F79EFBC}") = "Model", "Model\Model.csproj", "{35D8D744-FB17-44B6-8F17-6CB0022E1B3A}"
EndProject
Global
	GlobalSection(SolutionConfigurationPlatforms) = preSolution
		Debug|Any CPU = Debug|Any CPU
		Release|Any CPU = Release|Any CPU
	EndGlobalSection
	GlobalSection(ProjectConfigurationPlatforms) = postSolution
		{680BA3C3-D7A6-4FD9-AE97-1A0B2FEF7E9A}.Debug|Any CPU.ActiveCfg = Debug|Any CPU
		{680BA3C3-D7A6-4FD9-AE97-1A0B2FEF7E9A}.Debug|Any CPU.Build.0 = Debug|Any CPU
		{680BA3C3-D7A6-4FD9-AE97-1A0B2FEF7E9A}.Release|Any CPU.ActiveCfg = Release|Any CPU
		{680BA3C3-D7A6-4FD9-AE97-1A0B2FEF7E9A}.Release|Any CPU.Build.0 = Release|Any CPU
		{35D8D744-FB17-44B6-8F17-6CB0022E1B3A}.Debug|Any CPU.ActiveCfg = Debug|Any CPU
		{35D8D744-FB17-44B6-8F17-6CB0022E1B3A}.Debug|Any CPU.Build.0 = Debug|Any CPU
		{35D8D744-FB17-44B6-8F17-6CB0022E1B3A}.Release|Any CPU.ActiveCfg = Release|Any CPU
		{35D8D744-FB17-44B6-8F17-6CB0022E1B3A}.Release|Any CPU.Build.0 = Release|Any CPU
	EndGlobalSection
	GlobalSection(SolutionProperties) = preSolution
		HideSolutionNode = FALSE
	EndGlobalSection
	GlobalSection(ExtensibilityGlobals) = postSolution
		SolutionGuid = {B201CC9D-51A2-45E9-9813-6019CC5B3745}
	EndGlobalSection
EndGlobal
